
Microsoft Visual Studio Solution File, Format Version 12.00
# Visual Studio Version 16
VisualStudioVersion = 16.0.31410.357
MinimumVisualStudioVersion = 10.0.40219.1
Project("{888888A0-9F3D-457C-B088-3A5042F75D52}") = "WordCounting_app", "WordCounting_app.pyproj", "{9635E5F3-1043-471C-9756-0C6F7366A2E1}"
EndProject
Global
	GlobalSection(SolutionConfigurationPlatforms) = preSolution
		Debug|Any CPU = Debug|Any CPU
		Release|Any CPU = Release|Any CPU
	EndGlobalSection
	GlobalSection(ProjectConfigurationPlatforms) = postSolution
		{9635E5F3-1043-471C-9756-0C6F7366A2E1}.Debug|Any CPU.ActiveCfg = Debug|Any CPU
		{9635E5F3-1043-471C-9756-0C6F7366A2E1}.Release|Any CPU.ActiveCfg = Release|Any CPU
	EndGlobalSection
	GlobalSection(SolutionProperties) = preSolution
		HideSolutionNode = FALSE
	EndGlobalSection
	GlobalSection(ExtensibilityGlobals) = postSolution
		SolutionGuid = {192A8C9D-2138-491C-B4E9-8098C474DA46}
	EndGlobalSection
EndGlobal
